
Microsoft Visual Studio Solution File, Format Version 12.00
# Visual Studio Version 17
VisualStudioVersion = 17.0.31903.59
MinimumVisualStudioVersion = 10.0.40219.1
Project("{FAE04EC0-301F-11D3-BF4B-00C04F79EFBC}") = "Desafio_Andre", "Desafio_Andre\Desafio_Andre.csproj", "{33AB9712-A2A3-4F5B-AA9A-D0E9D37CA9A1}"
EndProject
Global
	GlobalSection(SolutionConfigurationPlatforms) = preSolution
		Debug|Any CPU = Debug|Any CPU
		Release|Any CPU = Release|Any CPU
	EndGlobalSection
	GlobalSection(ProjectConfigurationPlatforms) = postSolution
		{33AB9712-A2A3-4F5B-AA9A-D0E9D37CA9A1}.Debug|Any CPU.ActiveCfg = Debug|Any CPU
		{33AB9712-A2A3-4F5B-AA9A-D0E9D37CA9A1}.Debug|Any CPU.Build.0 = Debug|Any CPU
		{33AB9712-A2A3-4F5B-AA9A-D0E9D37CA9A1}.Release|Any CPU.ActiveCfg = Release|Any CPU
		{33AB9712-A2A3-4F5B-AA9A-D0E9D37CA9A1}.Release|Any CPU.Build.0 = Release|Any CPU
	EndGlobalSection
	GlobalSection(SolutionProperties) = preSolution
		HideSolutionNode = FALSE
	EndGlobalSection
	GlobalSection(ExtensibilityGlobals) = postSolution
		SolutionGuid = {323B584B-C4D2-4C88-81C6-655D2336D9C8}
	EndGlobalSection
EndGlobal
